
Microsoft Visual Studio Solution File, Format Version 12.00
# Visual Studio 14
VisualStudioVersion = 14.0.25420.1
MinimumVisualStudioVersion = 10.0.40219.1
Project("{FAE04EC0-301F-11D3-BF4B-00C04F79EFBC}") = "KFWH_CP_MaterialTakeOff", "AutoCAD_Net_Project\KFWH_CP_MaterialTakeOff.csproj", "{D3D96BCD-C631-4700-A9BA-FD4217D9B4A2}"
EndProject
Project("{FAE04EC0-301F-11D3-BF4B-00C04F79EFBC}") = "KFWH_CMD", "StartUp\KFWH_CMD.csproj", "{4D58C4B3-7CB6-4174-9DEB-BFD8279BB6EA}"
EndProject
Project("{FAE04EC0-301F-11D3-BF4B-00C04F79EFBC}") = "KFWH_CP_SteelFitting", "KFWH_CP_SteelFitting_ACADPulgin\KFWH_CP_SteelFitting.csproj", "{341D4166-13F6-4FF9-AC18-544AEC3C7370}"
EndProject
Project("{FAE04EC0-301F-11D3-BF4B-00C04F79EFBC}") = "KFWH_CP_SD", "KFWH_CP_SD\KFWH_CP_SD.csproj", "{98CA02A2-E5C6-4717-BEA1-FD35E34C1FC1}"
EndProject
Global
	GlobalSection(SolutionConfigurationPlatforms) = preSolution
		Debug|Any CPU = Debug|Any CPU
		Debug|x64 = Debug|x64
		Release|Any CPU = Release|Any CPU
		Release|x64 = Release|x64
	EndGlobalSection
	GlobalSection(ProjectConfigurationPlatforms) = postSolution
		{D3D96BCD-C631-4700-A9BA-FD4217D9B4A2}.Debug|Any CPU.ActiveCfg = Debug|Any CPU
		{D3D96BCD-C631-4700-A9BA-FD4217D9B4A2}.Debug|Any CPU.Build.0 = Debug|Any CPU
		{D3D96BCD-C631-4700-A9BA-FD4217D9B4A2}.Debug|x64.ActiveCfg = Debug|x64
		{D3D96BCD-C631-4700-A9BA-FD4217D9B4A2}.Debug|x64.Build.0 = Debug|x64
		{D3D96BCD-C631-4700-A9BA-FD4217D9B4A2}.Release|Any CPU.ActiveCfg = Release|Any CPU
		{D3D96BCD-C631-4700-A9BA-FD4217D9B4A2}.Release|Any CPU.Build.0 = Release|Any CPU
		{D3D96BCD-C631-4700-A9BA-FD4217D9B4A2}.Release|x64.ActiveCfg = Release|x64
		{D3D96BCD-C631-4700-A9BA-FD4217D9B4A2}.Release|x64.Build.0 = Release|x64
		{4D58C4B3-7CB6-4174-9DEB-BFD8279BB6EA}.Debug|Any CPU.ActiveCfg = Debug|Any CPU
		{4D58C4B3-7CB6-4174-9DEB-BFD8279BB6EA}.Debug|Any CPU.Build.0 = Debug|Any CPU
		{4D58C4B3-7CB6-4174-9DEB-BFD8279BB6EA}.Debug|x64.ActiveCfg = Debug|Any CPU
		{4D58C4B3-7CB6-4174-9DEB-BFD8279BB6EA}.Debug|x64.Build.0 = Debug|Any CPU
		{4D58C4B3-7CB6-4174-9DEB-BFD8279BB6EA}.Release|Any CPU.ActiveCfg = Release|Any CPU
		{4D58C4B3-7CB6-4174-9DEB-BFD8279BB6EA}.Release|Any CPU.Build.0 = Release|Any CPU
		{4D58C4B3-7CB6-4174-9DEB-BFD8279BB6EA}.Release|x64.ActiveCfg = Release|Any CPU
		{4D58C4B3-7CB6-4174-9DEB-BFD8279BB6EA}.Release|x64.Build.0 = Release|Any CPU
		{341D4166-13F6-4FF9-AC18-544AEC3C7370}.Debug|Any CPU.ActiveCfg = Debug|Any CPU
		{341D4166-13F6-4FF9-AC18-544AEC3C7370}.Debug|Any CPU.Build.0 = Debug|Any CPU
		{341D4166-13F6-4FF9-AC18-544AEC3C7370}.Debug|x64.ActiveCfg = Debug|Any CPU
		{341D4166-13F6-4FF9-AC18-544AEC3C7370}.Debug|x64.Build.0 = Debug|Any CPU
		{341D4166-13F6-4FF9-AC18-544AEC3C7370}.Release|Any CPU.ActiveCfg = Release|Any CPU
		{341D4166-13F6-4FF9-AC18-544AEC3C7370}.Release|Any CPU.Build.0 = Release|Any CPU
		{341D4166-13F6-4FF9-AC18-544AEC3C7370}.Release|x64.ActiveCfg = Release|Any CPU
		{341D4166-13F6-4FF9-AC18-544AEC3C7370}.Release|x64.Build.0 = Release|Any CPU
		{98CA02A2-E5C6-4717-BEA1-FD35E34C1FC1}.Debug|Any CPU.ActiveCfg = Debug|Any CPU
		{98CA02A2-E5C6-4717-BEA1-FD35E34C1FC1}.Debug|Any CPU.Build.0 = Debug|Any CPU
		{98CA02A2-E5C6-4717-BEA1-FD35E34C1FC1}.Debug|x64.ActiveCfg = Debug|Any CPU
		{98CA02A2-E5C6-4717-BEA1-FD35E34C1FC1}.Debug|x64.Build.0 = Debug|Any CPU
		{98CA02A2-E5C6-4717-BEA1-FD35E34C1FC1}.Release|Any CPU.ActiveCfg = Release|Any CPU
		{98CA02A2-E5C6-4717-BEA1-FD35E34C1FC1}.Release|Any CPU.Build.0 = Release|Any CPU
		{98CA02A2-E5C6-4717-BEA1-FD35E34C1FC1}.Release|x64.ActiveCfg = Release|Any CPU
		{98CA02A2-E5C6-4717-BEA1-FD35E34C1FC1}.Release|x64.Build.0 = Release|Any CPU
	EndGlobalSection
	GlobalSection(SolutionProperties) = preSolution
		HideSolutionNode = FALSE
	EndGlobalSection
EndGlobal
